{
  "name": "qr-order_uniapp",
  "lockfileVersion": 3,
  "requires": true,
  "packages": {
    "": {
      "dependencies": {
        "goeasy-lite": "^2.10.14"
      }
    },
    "node_modules/goeasy-lite": {
      "version": "2.10.14",
      "resolved": "https://registry.npmjs.org/goeasy-lite/-/goeasy-lite-2.10.14.tgz",
      "integrity": "sha512-/nf4WSvHvfecuJ5cq/7MdzVvbVRDXlGjZxoVRNW7d8c2TcIVARensCMLxKfq+yeszRzZ1HxFSNVXbfZ88xpgYQ=="
    }
  }
}
